
Microsoft Visual Studio Solution File, Format Version 12.00
# Visual Studio Version 17
VisualStudioVersion = 17.2.32616.157
MinimumVisualStudioVersion = 10.0.40219.1
Project("{2150E333-8FDC-42A3-9474-1A3956D46DE8}") = "src", "src", "{39FB8F04-D941-41A5-AE07-B5F4ED5A95C4}"
EndProject
Project("{2150E333-8FDC-42A3-9474-1A3956D46DE8}") = "01-Demo.Data", "01-Demo.Data", "{8EAD72DA-0EA1-414A-A5C8-42B6870078EA}"
EndProject
Project("{2150E333-8FDC-42A3-9474-1A3956D46DE8}") = "02-Demo.Repository", "02-Demo.Repository", "{86B11BD5-C92E-44CC-A864-786F01C61213}"
EndProject
Project("{2150E333-8FDC-42A3-9474-1A3956D46DE8}") = "04-Application", "04-Application", "{9D42D669-23E8-49CA-80AE-71DC41316620}"
EndProject
Project("{2150E333-8FDC-42A3-9474-1A3956D46DE8}") = "02-Demo.Service", "02-Demo.Service", "{72553D3B-F376-45DF-8380-9FCABA676CC9}"
EndProject
Project("{FAE04EC0-301F-11D3-BF4B-00C04F79EFBC}") = "Data", "Data\Data.csproj", "{097B2FE8-A2FB-4B2D-8583-6E9D2FB2E64C}"
EndProject
Project("{FAE04EC0-301F-11D3-BF4B-00C04F79EFBC}") = "Repository", "Repository\Repository.csproj", "{B5C57C81-EDCE-48F9-96A6-AE1C5A156D72}"
EndProject
Project("{FAE04EC0-301F-11D3-BF4B-00C04F79EFBC}") = "Service", "Service\Service.csproj", "{423BA3BB-A509-4452-8574-17EECF465447}"
EndProject
Project("{FAE04EC0-301F-11D3-BF4B-00C04F79EFBC}") = "WebAPI", "WebAPI\WebAPI.csproj", "{3E88D14C-0CF0-4539-ACA8-D856E5B36D78}"
EndProject
Global
	GlobalSection(SolutionConfigurationPlatforms) = preSolution
		Debug|Any CPU = Debug|Any CPU
		Release|Any CPU = Release|Any CPU
	EndGlobalSection
	GlobalSection(ProjectConfigurationPlatforms) = postSolution
		{097B2FE8-A2FB-4B2D-8583-6E9D2FB2E64C}.Debug|Any CPU.ActiveCfg = Debug|Any CPU
		{097B2FE8-A2FB-4B2D-8583-6E9D2FB2E64C}.Debug|Any CPU.Build.0 = Debug|Any CPU
		{097B2FE8-A2FB-4B2D-8583-6E9D2FB2E64C}.Release|Any CPU.ActiveCfg = Release|Any CPU
		{097B2FE8-A2FB-4B2D-8583-6E9D2FB2E64C}.Release|Any CPU.Build.0 = Release|Any CPU
		{B5C57C81-EDCE-48F9-96A6-AE1C5A156D72}.Debug|Any CPU.ActiveCfg = Debug|Any CPU
		{B5C57C81-EDCE-48F9-96A6-AE1C5A156D72}.Debug|Any CPU.Build.0 = Debug|Any CPU
		{B5C57C81-EDCE-48F9-96A6-AE1C5A156D72}.Release|Any CPU.ActiveCfg = Release|Any CPU
		{B5C57C81-EDCE-48F9-96A6-AE1C5A156D72}.Release|Any CPU.Build.0 = Release|Any CPU
		{423BA3BB-A509-4452-8574-17EECF465447}.Debug|Any CPU.ActiveCfg = Debug|Any CPU
		{423BA3BB-A509-4452-8574-17EECF465447}.Debug|Any CPU.Build.0 = Debug|Any CPU
		{423BA3BB-A509-4452-8574-17EECF465447}.Release|Any CPU.ActiveCfg = Release|Any CPU
		{423BA3BB-A509-4452-8574-17EECF465447}.Release|Any CPU.Build.0 = Release|Any CPU
		{3E88D14C-0CF0-4539-ACA8-D856E5B36D78}.Debug|Any CPU.ActiveCfg = Debug|Any CPU
		{3E88D14C-0CF0-4539-ACA8-D856E5B36D78}.Debug|Any CPU.Build.0 = Debug|Any CPU
		{3E88D14C-0CF0-4539-ACA8-D856E5B36D78}.Release|Any CPU.ActiveCfg = Release|Any CPU
		{3E88D14C-0CF0-4539-ACA8-D856E5B36D78}.Release|Any CPU.Build.0 = Release|Any CPU
	EndGlobalSection
	GlobalSection(SolutionProperties) = preSolution
		HideSolutionNode = FALSE
	EndGlobalSection
	GlobalSection(NestedProjects) = preSolution
		{8EAD72DA-0EA1-414A-A5C8-42B6870078EA} = {39FB8F04-D941-41A5-AE07-B5F4ED5A95C4}
		{86B11BD5-C92E-44CC-A864-786F01C61213} = {39FB8F04-D941-41A5-AE07-B5F4ED5A95C4}
		{9D42D669-23E8-49CA-80AE-71DC41316620} = {39FB8F04-D941-41A5-AE07-B5F4ED5A95C4}
		{72553D3B-F376-45DF-8380-9FCABA676CC9} = {39FB8F04-D941-41A5-AE07-B5F4ED5A95C4}
		{097B2FE8-A2FB-4B2D-8583-6E9D2FB2E64C} = {8EAD72DA-0EA1-414A-A5C8-42B6870078EA}
		{B5C57C81-EDCE-48F9-96A6-AE1C5A156D72} = {86B11BD5-C92E-44CC-A864-786F01C61213}
		{423BA3BB-A509-4452-8574-17EECF465447} = {72553D3B-F376-45DF-8380-9FCABA676CC9}
		{3E88D14C-0CF0-4539-ACA8-D856E5B36D78} = {9D42D669-23E8-49CA-80AE-71DC41316620}
	EndGlobalSection
	GlobalSection(ExtensibilityGlobals) = postSolution
		SolutionGuid = {8247DC3F-B5E3-443A-BFC0-643B329A9C67}
	EndGlobalSection
EndGlobal
